
Microsoft Visual Studio Solution File, Format Version 12.00
# Visual Studio Version 17
VisualStudioVersion = 17.13.35825.156 d17.13
MinimumVisualStudioVersion = 10.0.40219.1
Project("{FAE04EC0-301F-11D3-BF4B-00C04F79EFBC}") = "ParkingLot", "ParkingLot.csproj", "{4ECE0AE6-1CA5-4E07-B5A1-687557B4730E}"
EndProject
Global
	GlobalSection(SolutionConfigurationPlatforms) = preSolution
		Debug|Any CPU = Debug|Any CPU
		Release|Any CPU = Release|Any CPU
	EndGlobalSection
	GlobalSection(ProjectConfigurationPlatforms) = postSolution
		{4ECE0AE6-1CA5-4E07-B5A1-687557B4730E}.Debug|Any CPU.ActiveCfg = Debug|Any CPU
		{4ECE0AE6-1CA5-4E07-B5A1-687557B4730E}.Debug|Any CPU.Build.0 = Debug|Any CPU
		{4ECE0AE6-1CA5-4E07-B5A1-687557B4730E}.Release|Any CPU.ActiveCfg = Release|Any CPU
		{4ECE0AE6-1CA5-4E07-B5A1-687557B4730E}.Release|Any CPU.Build.0 = Release|Any CPU
	EndGlobalSection
	GlobalSection(SolutionProperties) = preSolution
		HideSolutionNode = FALSE
	EndGlobalSection
	GlobalSection(ExtensibilityGlobals) = postSolution
		SolutionGuid = {F4A3DC45-C102-461D-9E7A-077F93D1F1C2}
	EndGlobalSection
EndGlobal
